// !$*UTF8*$!
{
	archiveVersion = 1;
	classes = {
	};
	objectVersion = 56;
	objects = {

/* Begin PBXBuildFile section */
		5D487C3D2943477800CA2ABF /* BerryData.json in Resources */ = {isa = PBXBuildFile; fileRef = 5D487C3C2943477800CA2ABF /* BerryData.json */; };
		5D487C3F2943478E00CA2ABF /* FruitData.json in Resources */ = {isa = PBXBuildFile; fileRef = 5D487C3E2943478E00CA2ABF /* FruitData.json */; };
		5D487C412943479500CA2ABF /* VegData.json in Resources */ = {isa = PBXBuildFile; fileRef = 5D487C402943479500CA2ABF /* VegData.json */; };
		5D487C432943706C00CA2ABF /* AddButton.swift in Sources */ = {isa = PBXBuildFile; fileRef = 5D487C422943706C00CA2ABF /* AddButton.swift */; };
		5D69FC7D293F45960068B6E2 /* ShopListApp.swift in Sources */ = {isa = PBXBuildFile; fileRef = 5D69FC7C293F45960068B6E2 /* ShopListApp.swift */; };
		5D69FC7F293F45960068B6E2 /* ContentView.swift in Sources */ = {isa = PBXBuildFile; fileRef = 5D69FC7E293F45960068B6E2 /* ContentView.swift */; };
		5D69FC81293F45990068B6E2 /* Assets.xcassets in Resources */ = {isa = PBXBuildFile; fileRef = 5D69FC80293F45990068B6E2 /* Assets.xcassets */; };
		5D69FC84293F45990068B6E2 /* Preview Assets.xcassets in Resources */ = {isa = PBXBuildFile; fileRef = 5D69FC83293F45990068B6E2 /* Preview Assets.xcassets */; };
		5D896B5F2941EED0006B78D1 /* FilteredViewByColors.swift in Sources */ = {isa = PBXBuildFile; fileRef = 5D896B5E2941EED0006B78D1 /* FilteredViewByColors.swift */; };
		5D9071D129409729004E0F37 /* FruitDetail.swift in Sources */ = {isa = PBXBuildFile; fileRef = 5D9071D029409729004E0F37 /* FruitDetail.swift */; };
		5D91312D29421E9B00F06EF9 /* FoodGrid.swift in Sources */ = {isa = PBXBuildFile; fileRef = 5D91312C29421E9B00F06EF9 /* FoodGrid.swift */; };
		5D91312F29421FAD00F06EF9 /* FoodCategory.swift in Sources */ = {isa = PBXBuildFile; fileRef = 5D91312E29421FAD00F06EF9 /* FoodCategory.swift */; };
		5D913131294228A100F06EF9 /* FoodAdd.swift in Sources */ = {isa = PBXBuildFile; fileRef = 5D913130294228A100F06EF9 /* FoodAdd.swift */; };
		5D98BE342944A2FE00294F42 /* AddToTheList.swift in Sources */ = {isa = PBXBuildFile; fileRef = 5D98BE332944A2FE00294F42 /* AddToTheList.swift */; };
		5D98BE362944DD2600294F42 /* BasketRow.swift in Sources */ = {isa = PBXBuildFile; fileRef = 5D98BE352944DD2600294F42 /* BasketRow.swift */; };
		5D9D20AC294253970008CB0B /* FoodStepper.swift in Sources */ = {isa = PBXBuildFile; fileRef = 5D9D20AB294253970008CB0B /* FoodStepper.swift */; };
		5D9D20B2294275560008CB0B /* MyTabView.swift in Sources */ = {isa = PBXBuildFile; fileRef = 5D9D20B1294275560008CB0B /* MyTabView.swift */; };
		5D9D20B4294276E80008CB0B /* FoodBasket.swift in Sources */ = {isa = PBXBuildFile; fileRef = 5D9D20B3294276E80008CB0B /* FoodBasket.swift */; };
		5DCE8092293F6CF80050CE7F /* ModelData.swift in Sources */ = {isa = PBXBuildFile; fileRef = 5DCE8091293F6CF80050CE7F /* ModelData.swift */; };
		5DCE8094293F6DCA0050CE7F /* Food.swift in Sources */ = {isa = PBXBuildFile; fileRef = 5DCE8093293F6DCA0050CE7F /* Food.swift */; };
		5DCE8097293F76940050CE7F /* FruitRow.swift in Sources */ = {isa = PBXBuildFile; fileRef = 5DCE8096293F76940050CE7F /* FruitRow.swift */; };
		5DCE80A8293FD2BB0050CE7F /* FruitList.swift in Sources */ = {isa = PBXBuildFile; fileRef = 5DCE80A7293FD2BB0050CE7F /* FruitList.swift */; };
/* End PBXBuildFile section */

/* Begin PBXFileReference section */
		5D487C3C2943477800CA2ABF /* BerryData.json */ = {isa = PBXFileReference; fileEncoding = 4; lastKnownFileType = text.json; path = BerryData.json; sourceTree = "<group>"; };
		5D487C3E2943478E00CA2ABF /* FruitData.json */ = {isa = PBXFileReference; fileEncoding = 4; lastKnownFileType = text.json; path = FruitData.json; sourceTree = "<group>"; };
		5D487C402943479500CA2ABF /* VegData.json */ = {isa = PBXFileReference; fileEncoding = 4; lastKnownFileType = text.json; path = VegData.json; sourceTree = "<group>"; };
		5D487C422943706C00CA2ABF /* AddButton.swift */ = {isa = PBXFileReference; lastKnownFileType = sourcecode.swift; path = AddButton.swift; sourceTree = "<group>"; };
		5D69FC79293F45960068B6E2 /* ShopList.app */ = {isa = PBXFileReference; explicitFileType = wrapper.application; includeInIndex = 0; path = ShopList.app; sourceTree = BUILT_PRODUCTS_DIR; };
		5D69FC7C293F45960068B6E2 /* ShopListApp.swift */ = {isa = PBXFileReference; lastKnownFileType = sourcecode.swift; path = ShopListApp.swift; sourceTree = "<group>"; };
		5D69FC7E293F45960068B6E2 /* ContentView.swift */ = {isa = PBXFileReference; lastKnownFileType = sourcecode.swift; path = ContentView.swift; sourceTree = "<group>"; };
		5D69FC80293F45990068B6E2 /* Assets.xcassets */ = {isa = PBXFileReference; lastKnownFileType = folder.assetcatalog; path = Assets.xcassets; sourceTree = "<group>"; };
		5D69FC83293F45990068B6E2 /* Preview Assets.xcassets */ = {isa = PBXFileReference; lastKnownFileType = folder.assetcatalog; path = "Preview Assets.xcassets"; sourceTree = "<group>"; };
		5D896B5E2941EED0006B78D1 /* FilteredViewByColors.swift */ = {isa = PBXFileReference; lastKnownFileType = sourcecode.swift; path = FilteredViewByColors.swift; sourceTree = "<group>"; };
		5D9071D029409729004E0F37 /* FruitDetail.swift */ = {isa = PBXFileReference; lastKnownFileType = sourcecode.swift; path = FruitDetail.swift; sourceTree = "<group>"; };
		5D91312C29421E9B00F06EF9 /* FoodGrid.swift */ = {isa = PBXFileReference; lastKnownFileType = sourcecode.swift; path = FoodGrid.swift; sourceTree = "<group>"; };
		5D91312E29421FAD00F06EF9 /* FoodCategory.swift */ = {isa = PBXFileReference; lastKnownFileType = sourcecode.swift; path = FoodCategory.swift; sourceTree = "<group>"; };
		5D913130294228A100F06EF9 /* FoodAdd.swift */ = {isa = PBXFileReference; lastKnownFileType = sourcecode.swift; path = FoodAdd.swift; sourceTree = "<group>"; };
		5D98BE332944A2FE00294F42 /* AddToTheList.swift */ = {isa = PBXFileReference; lastKnownFileType = sourcecode.swift; path = AddToTheList.swift; sourceTree = "<group>"; };
		5D98BE352944DD2600294F42 /* BasketRow.swift */ = {isa = PBXFileReference; lastKnownFileType = sourcecode.swift; path = BasketRow.swift; sourceTree = "<group>"; };
		5D9D20AB294253970008CB0B /* FoodStepper.swift */ = {isa = PBXFileReference; lastKnownFileType = sourcecode.swift; path = FoodStepper.swift; sourceTree = "<group>"; };
		5D9D20B1294275560008CB0B /* MyTabView.swift */ = {isa = PBXFileReference; lastKnownFileType = sourcecode.swift; path = MyTabView.swift; sourceTree = "<group>"; };
		5D9D20B3294276E80008CB0B /* FoodBasket.swift */ = {isa = PBXFileReference; lastKnownFileType = sourcecode.swift; path = FoodBasket.swift; sourceTree = "<group>"; };
		5DCE8091293F6CF80050CE7F /* ModelData.swift */ = {isa = PBXFileReference; lastKnownFileType = sourcecode.swift; path = ModelData.swift; sourceTree = "<group>"; };
		5DCE8093293F6DCA0050CE7F /* Food.swift */ = {isa = PBXFileReference; lastKnownFileType = sourcecode.swift; path = Food.swift; sourceTree = "<group>"; };
		5DCE8096293F76940050CE7F /* FruitRow.swift */ = {isa = PBXFileReference; lastKnownFileType = sourcecode.swift; path = FruitRow.swift; sourceTree = "<group>"; };
		5DCE80A7293FD2BB0050CE7F /* FruitList.swift */ = {isa = PBXFileReference; lastKnownFileType = sourcecode.swift; path = FruitList.swift; sourceTree = "<group>"; };
/* End PBXFileReference section */

/* Begin PBXFrameworksBuildPhase section */
		5D69FC76293F45960068B6E2 /* Frameworks */ = {
			isa = PBXFrameworksBuildPhase;
			buildActionMask = 2147483647;
			files = (
			);
			runOnlyForDeploymentPostprocessing = 0;
		};
/* End PBXFrameworksBuildPhase section */

/* Begin PBXGroup section */
		5D69FC70293F45960068B6E2 = {
			isa = PBXGroup;
			children = (
				5D69FC7B293F45960068B6E2 /* ShopList */,
				5D69FC7A293F45960068B6E2 /* Products */,
			);
			sourceTree = "<group>";
		};
		5D69FC7A293F45960068B6E2 /* Products */ = {
			isa = PBXGroup;
			children = (
				5D69FC79293F45960068B6E2 /* ShopList.app */,
			);
			name = Products;
			sourceTree = "<group>";
		};
		5D69FC7B293F45960068B6E2 /* ShopList */ = {
			isa = PBXGroup;
			children = (
				5D69FC80293F45990068B6E2 /* Assets.xcassets */,
				5D69FC7E293F45960068B6E2 /* ContentView.swift */,
				5D69FC7C293F45960068B6E2 /* ShopListApp.swift */,
				5DCE8090293F68EC0050CE7F /* Model */,
				5D69FC82293F45990068B6E2 /* Preview Content */,
				5DCE8098293F8F3A0050CE7F /* Resources */,
				5DCE8095293F76010050CE7F /* View */,
			);
			path = ShopList;
			sourceTree = "<group>";
		};
		5D69FC82293F45990068B6E2 /* Preview Content */ = {
			isa = PBXGroup;
			children = (
				5D69FC83293F45990068B6E2 /* Preview Assets.xcassets */,
			);
			path = "Preview Content";
			sourceTree = "<group>";
		};
		5D8A03C829432F4500D079A3 /* OLD */ = {
			isa = PBXGroup;
			children = (
				5DCE8096293F76940050CE7F /* FruitRow.swift */,
				5DCE80A7293FD2BB0050CE7F /* FruitList.swift */,
				5D9071D029409729004E0F37 /* FruitDetail.swift */,
				5D896B5E2941EED0006B78D1 /* FilteredViewByColors.swift */,
			);
			path = OLD;
			sourceTree = "<group>";
		};
		5DCE8090293F68EC0050CE7F /* Model */ = {
			isa = PBXGroup;
			children = (
				5DCE8093293F6DCA0050CE7F /* Food.swift */,
				5DCE8091293F6CF80050CE7F /* ModelData.swift */,
			);
			path = Model;
			sourceTree = "<group>";
		};
		5DCE8095293F76010050CE7F /* View */ = {
			isa = PBXGroup;
			children = (
				5D487C422943706C00CA2ABF /* AddButton.swift */,
				5D98BE332944A2FE00294F42 /* AddToTheList.swift */,
				5D98BE352944DD2600294F42 /* BasketRow.swift */,
				5D913130294228A100F06EF9 /* FoodAdd.swift */,
				5D9D20B3294276E80008CB0B /* FoodBasket.swift */,
				5D91312E29421FAD00F06EF9 /* FoodCategory.swift */,
				5D91312C29421E9B00F06EF9 /* FoodGrid.swift */,
				5D9D20AB294253970008CB0B /* FoodStepper.swift */,
				5D9D20B1294275560008CB0B /* MyTabView.swift */,
				5D8A03C829432F4500D079A3 /* OLD */,
			);
			path = View;
			sourceTree = "<group>";
		};
		5DCE8098293F8F3A0050CE7F /* Resources */ = {
			isa = PBXGroup;
			children = (
				5D487C3C2943477800CA2ABF /* BerryData.json */,
				5D487C3E2943478E00CA2ABF /* FruitData.json */,
				5D487C402943479500CA2ABF /* VegData.json */,
			);
			path = Resources;
			sourceTree = "<group>";
		};
/* End PBXGroup section */

/* Begin PBXNativeTarget section */
		5D69FC78293F45960068B6E2 /* ShopList */ = {
			isa = PBXNativeTarget;
			buildConfigurationList = 5D69FC87293F45990068B6E2 /* Build configuration list for PBXNativeTarget "ShopList" */;
			buildPhases = (
				5D69FC75293F45960068B6E2 /* Sources */,
				5D69FC76293F45960068B6E2 /* Frameworks */,
				5D69FC77293F45960068B6E2 /* Resources */,
			);
			buildRules = (
			);
			dependencies = (
			);
			name = ShopList;
			productName = ProjectOne;
			productReference = 5D69FC79293F45960068B6E2 /* ShopList.app */;
			productType = "com.apple.product-type.application";
		};
/* End PBXNativeTarget section */

/* Begin PBXProject section */
		5D69FC71293F45960068B6E2 /* Project object */ = {
			isa = PBXProject;
			attributes = {
				BuildIndependentTargetsInParallel = 1;
				LastSwiftUpdateCheck = 1410;
				LastUpgradeCheck = 1410;
				TargetAttributes = {
					5D69FC78293F45960068B6E2 = {
						CreatedOnToolsVersion = 14.1;
					};
				};
			};
			buildConfigurationList = 5D69FC74293F45960068B6E2 /* Build configuration list for PBXProject "ShopList" */;
			compatibilityVersion = "Xcode 14.0";
			developmentRegion = en;
			hasScannedForEncodings = 0;
			knownRegions = (
				en,
				Base,
			);
			mainGroup = 5D69FC70293F45960068B6E2;
			productRefGroup = 5D69FC7A293F45960068B6E2 /* Products */;
			projectDirPath = "";
			projectRoot = "";
			targets = (
				5D69FC78293F45960068B6E2 /* ShopList */,
			);
		};
/* End PBXProject section */

/* Begin PBXResourcesBuildPhase section */
		5D69FC77293F45960068B6E2 /* Resources */ = {
			isa = PBXResourcesBuildPhase;
			buildActionMask = 2147483647;
			files = (
				5D487C412943479500CA2ABF /* VegData.json in Resources */,
				5D487C3F2943478E00CA2ABF /* FruitData.json in Resources */,
				5D69FC84293F45990068B6E2 /* Preview Assets.xcassets in Resources */,
				5D487C3D2943477800CA2ABF /* BerryData.json in Resources */,
				5D69FC81293F45990068B6E2 /* Assets.xcassets in Resources */,
			);
			runOnlyForDeploymentPostprocessing = 0;
		};
/* End PBXResourcesBuildPhase section */

/* Begin PBXSourcesBuildPhase section */
		5D69FC75293F45960068B6E2 /* Sources */ = {
			isa = PBXSourcesBuildPhase;
			buildActionMask = 2147483647;
			files = (
				5DCE8094293F6DCA0050CE7F /* Food.swift in Sources */,
				5D9D20B4294276E80008CB0B /* FoodBasket.swift in Sources */,
				5D69FC7F293F45960068B6E2 /* ContentView.swift in Sources */,
				5D487C432943706C00CA2ABF /* AddButton.swift in Sources */,
				5D9D20B2294275560008CB0B /* MyTabView.swift in Sources */,
				5DCE80A8293FD2BB0050CE7F /* FruitList.swift in Sources */,
				5D98BE342944A2FE00294F42 /* AddToTheList.swift in Sources */,
				5D91312D29421E9B00F06EF9 /* FoodGrid.swift in Sources */,
				5D98BE362944DD2600294F42 /* BasketRow.swift in Sources */,
				5D9071D129409729004E0F37 /* FruitDetail.swift in Sources */,
				5D896B5F2941EED0006B78D1 /* FilteredViewByColors.swift in Sources */,
				5D69FC7D293F45960068B6E2 /* ShopListApp.swift in Sources */,
				5D9D20AC294253970008CB0B /* FoodStepper.swift in Sources */,
				5DCE8097293F76940050CE7F /* FruitRow.swift in Sources */,
				5D913131294228A100F06EF9 /* FoodAdd.swift in Sources */,
				5D91312F29421FAD00F06EF9 /* FoodCategory.swift in Sources */,
				5DCE8092293F6CF80050CE7F /* ModelData.swift in Sources */,
			);
			runOnlyForDeploymentPostprocessing = 0;
		};
/* End PBXSourcesBuildPhase section */

/* Begin XCBuildConfiguration section */
		5D69FC85293F45990068B6E2 /* Debug */ = {
			isa = XCBuildConfiguration;
			buildSettings = {
				ALWAYS_SEARCH_USER_PATHS = NO;
				CLANG_ANALYZER_NONNULL = YES;
				CLANG_ANALYZER_NUMBER_OBJECT_CONVERSION = YES_AGGRESSIVE;
				CLANG_CXX_LANGUAGE_STANDARD = "gnu++20";
				CLANG_ENABLE_MODULES = YES;
				CLANG_ENABLE_OBJC_ARC = YES;
				CLANG_ENABLE_OBJC_WEAK = YES;
				CLANG_WARN_BLOCK_CAPTURE_AUTORELEASING = YES;
				CLANG_WARN_BOOL_CONVERSION = YES;
				CLANG_WARN_COMMA = YES;
				CLANG_WARN_CONSTANT_CONVERSION = YES;
				CLANG_WARN_DEPRECATED_OBJC_IMPLEMENTATIONS = YES;
				CLANG_WARN_DIRECT_OBJC_ISA_USAGE = YES_ERROR;
				CLANG_WARN_DOCUMENTATION_COMMENTS = YES;
				CLANG_WARN_EMPTY_BODY = YES;
				CLANG_WARN_ENUM_CONVERSION = YES;
				CLANG_WARN_INFINITE_RECURSION = YES;
				CLANG_WARN_INT_CONVERSION = YES;
				CLANG_WARN_NON_LITERAL_NULL_CONVERSION = YES;
				CLANG_WARN_OBJC_IMPLICIT_RETAIN_SELF = YES;
				CLANG_WARN_OBJC_LITERAL_CONVERSION = YES;
				CLANG_WARN_OBJC_ROOT_CLASS = YES_ERROR;
				CLANG_WARN_QUOTED_INCLUDE_IN_FRAMEWORK_HEADER = YES;
				CLANG_WARN_RANGE_LOOP_ANALYSIS = YES;
				CLANG_WARN_STRICT_PROTOTYPES = YES;
				CLANG_WARN_SUSPICIOUS_MOVE = YES;
				CLANG_WARN_UNGUARDED_AVAILABILITY = YES_AGGRESSIVE;
				CLANG_WARN_UNREACHABLE_CODE = YES;
				CLANG_WARN__DUPLICATE_METHOD_MATCH = YES;
				COPY_PHASE_STRIP = NO;
				DEBUG_INFORMATION_FORMAT = dwarf;
				ENABLE_STRICT_OBJC_MSGSEND = YES;
				ENABLE_TESTABILITY = YES;
				GCC_C_LANGUAGE_STANDARD = gnu11;
				GCC_DYNAMIC_NO_PIC = NO;
				GCC_NO_COMMON_BLOCKS = YES;
				GCC_OPTIMIZATION_LEVEL = 0;
				GCC_PREPROCESSOR_DEFINITIONS = (
					"DEBUG=1",
					"$(inherited)",
				);
				GCC_WARN_64_TO_32_BIT_CONVERSION = YES;
				GCC_WARN_ABOUT_RETURN_TYPE = YES_ERROR;
				GCC_WARN_UNDECLARED_SELECTOR = YES;
				GCC_WARN_UNINITIALIZED_AUTOS = YES_AGGRESSIVE;
				GCC_WARN_UNUSED_FUNCTION = YES;
				GCC_WARN_UNUSED_VARIABLE = YES;
				IPHONEOS_DEPLOYMENT_TARGET = 16.1;
				MTL_ENABLE_DEBUG_INFO = INCLUDE_SOURCE;
				MTL_FAST_MATH = YES;
				ONLY_ACTIVE_ARCH = YES;
				SDKROOT = iphoneos;
				SWIFT_ACTIVE_COMPILATION_CONDITIONS = DEBUG;
				SWIFT_OPTIMIZATION_LEVEL = "-Onone";
			};
			name = Debug;
		};
		5D69FC86293F45990068B6E2 /* Release */ = {
			isa = XCBuildConfiguration;
			buildSettings = {
				ALWAYS_SEARCH_USER_PATHS = NO;
				CLANG_ANALYZER_NONNULL = YES;
				CLANG_ANALYZER_NUMBER_OBJECT_CONVERSION = YES_AGGRESSIVE;
				CLANG_CXX_LANGUAGE_STANDARD = "gnu++20";
				CLANG_ENABLE_MODULES = YES;
				CLANG_ENABLE_OBJC_ARC = YES;
				CLANG_ENABLE_OBJC_WEAK = YES;
				CLANG_WARN_BLOCK_CAPTURE_AUTORELEASING = YES;
				CLANG_WARN_BOOL_CONVERSION = YES;
				CLANG_WARN_COMMA = YES;
				CLANG_WARN_CONSTANT_CONVERSION = YES;
				CLANG_WARN_DEPRECATED_OBJC_IMPLEMENTATIONS = YES;
				CLANG_WARN_DIRECT_OBJC_ISA_USAGE = YES_ERROR;
				CLANG_WARN_DOCUMENTATION_COMMENTS = YES;
				CLANG_WARN_EMPTY_BODY = YES;
				CLANG_WARN_ENUM_CONVERSION = YES;
				CLANG_WARN_INFINITE_RECURSION = YES;
				CLANG_WARN_INT_CONVERSION = YES;
				CLANG_WARN_NON_LITERAL_NULL_CONVERSION = YES;
				CLANG_WARN_OBJC_IMPLICIT_RETAIN_SELF = YES;
				CLANG_WARN_OBJC_LITERAL_CONVERSION = YES;
				CLANG_WARN_OBJC_ROOT_CLASS = YES_ERROR;
				CLANG_WARN_QUOTED_INCLUDE_IN_FRAMEWORK_HEADER = YES;
				CLANG_WARN_RANGE_LOOP_ANALYSIS = YES;
				CLANG_WARN_STRICT_PROTOTYPES = YES;
				CLANG_WARN_SUSPICIOUS_MOVE = YES;
				CLANG_WARN_UNGUARDED_AVAILABILITY = YES_AGGRESSIVE;
				CLANG_WARN_UNREACHABLE_CODE = YES;
				CLANG_WARN__DUPLICATE_METHOD_MATCH = YES;
				COPY_PHASE_STRIP = NO;
				DEBUG_INFORMATION_FORMAT = "dwarf-with-dsym";
				ENABLE_NS_ASSERTIONS = NO;
				ENABLE_STRICT_OBJC_MSGSEND = YES;
				GCC_C_LANGUAGE_STANDARD = gnu11;
				GCC_NO_COMMON_BLOCKS = YES;
				GCC_WARN_64_TO_32_BIT_CONVERSION = YES;
				GCC_WARN_ABOUT_RETURN_TYPE = YES_ERROR;
				GCC_WARN_UNDECLARED_SELECTOR = YES;
				GCC_WARN_UNINITIALIZED_AUTOS = YES_AGGRESSIVE;
				GCC_WARN_UNUSED_FUNCTION = YES;
				GCC_WARN_UNUSED_VARIABLE = YES;
				IPHONEOS_DEPLOYMENT_TARGET = 16.1;
				MTL_ENABLE_DEBUG_INFO = NO;
				MTL_FAST_MATH = YES;
				SDKROOT = iphoneos;
				SWIFT_COMPILATION_MODE = wholemodule;
				SWIFT_OPTIMIZATION_LEVEL = "-O";
				VALIDATE_PRODUCT = YES;
			};
			name = Release;
		};
		5D69FC88293F45990068B6E2 /* Debug */ = {
			isa = XCBuildConfiguration;
			buildSettings = {
				ASSETCATALOG_COMPILER_APPICON_NAME = AppIcon;
				ASSETCATALOG_COMPILER_GLOBAL_ACCENT_COLOR_NAME = AccentColor;
				CODE_SIGN_STYLE = Automatic;
				CURRENT_PROJECT_VERSION = 1;
				DEVELOPMENT_ASSET_PATHS = "\"ShopList/Preview Content\"";
				DEVELOPMENT_TEAM = CCD7NJ92C7;
				ENABLE_PREVIEWS = YES;
				GENERATE_INFOPLIST_FILE = YES;
				INFOPLIST_KEY_UIApplicationSceneManifest_Generation = YES;
				INFOPLIST_KEY_UIApplicationSupportsIndirectInputEvents = YES;
				INFOPLIST_KEY_UILaunchScreen_Generation = YES;
				INFOPLIST_KEY_UISupportedInterfaceOrientations_iPad = "UIInterfaceOrientationPortrait UIInterfaceOrientationPortraitUpsideDown UIInterfaceOrientationLandscapeLeft UIInterfaceOrientationLandscapeRight";
				INFOPLIST_KEY_UISupportedInterfaceOrientations_iPhone = "UIInterfaceOrientationPortrait UIInterfaceOrientationLandscapeLeft UIInterfaceOrientationLandscapeRight";
				LD_RUNPATH_SEARCH_PATHS = (
					"$(inherited)",
					"@executable_path/Frameworks",
				);
				MARKETING_VERSION = 1.0;
				PRODUCT_BUNDLE_IDENTIFIER = aivashchenko.ShopList;
				PRODUCT_NAME = "$(TARGET_NAME)";
				SWIFT_EMIT_LOC_STRINGS = YES;
				SWIFT_VERSION = 5.0;
				TARGETED_DEVICE_FAMILY = "1,2";
			};
			name = Debug;
		};
		5D69FC89293F45990068B6E2 /* Release */ = {
			isa = XCBuildConfiguration;
			buildSettings = {
				ASSETCATALOG_COMPILER_APPICON_NAME = AppIcon;
				ASSETCATALOG_COMPILER_GLOBAL_ACCENT_COLOR_NAME = AccentColor;
				CODE_SIGN_STYLE = Automatic;
				CURRENT_PROJECT_VERSION = 1;
				DEVELOPMENT_ASSET_PATHS = "\"ShopList/Preview Content\"";
				DEVELOPMENT_TEAM = CCD7NJ92C7;
				ENABLE_PREVIEWS = YES;
				GENERATE_INFOPLIST_FILE = YES;
				INFOPLIST_KEY_UIApplicationSceneManifest_Generation = YES;
				INFOPLIST_KEY_UIApplicationSupportsIndirectInputEvents = YES;
				INFOPLIST_KEY_UILaunchScreen_Generation = YES;
				INFOPLIST_KEY_UISupportedInterfaceOrientations_iPad = "UIInterfaceOrientationPortrait UIInterfaceOrientationPortraitUpsideDown UIInterfaceOrientationLandscapeLeft UIInterfaceOrientationLandscapeRight";
				INFOPLIST_KEY_UISupportedInterfaceOrientations_iPhone = "UIInterfaceOrientationPortrait UIInterfaceOrientationLandscapeLeft UIInterfaceOrientationLandscapeRight";
				LD_RUNPATH_SEARCH_PATHS = (
					"$(inherited)",
					"@executable_path/Frameworks",
				);
				MARKETING_VERSION = 1.0;
				PRODUCT_BUNDLE_IDENTIFIER = aivashchenko.ShopList;
				PRODUCT_NAME = "$(TARGET_NAME)";
				SWIFT_EMIT_LOC_STRINGS = YES;
				SWIFT_VERSION = 5.0;
				TARGETED_DEVICE_FAMILY = "1,2";
			};
			name = Release;
		};
/* End XCBuildConfiguration section */

/* Begin XCConfigurationList section */
		5D69FC74293F45960068B6E2 /* Build configuration list for PBXProject "ShopList" */ = {
			isa = XCConfigurationList;
			buildConfigurations = (
				5D69FC85293F45990068B6E2 /* Debug */,
				5D69FC86293F45990068B6E2 /* Release */,
			);
			defaultConfigurationIsVisible = 0;
			defaultConfigurationName = Release;
		};
		5D69FC87293F45990068B6E2 /* Build configuration list for PBXNativeTarget "ShopList" */ = {
			isa = XCConfigurationList;
			buildConfigurations = (
				5D69FC88293F45990068B6E2 /* Debug */,
				5D69FC89293F45990068B6E2 /* Release */,
			);
			defaultConfigurationIsVisible = 0;
			defaultConfigurationName = Release;
		};
/* End XCConfigurationList section */
	};
	rootObject = 5D69FC71293F45960068B6E2 /* Project object */;
}
